
Microsoft Visual Studio Solution File, Format Version 12.00
# Visual Studio Version 16
VisualStudioVersion = 16.0.31515.178
MinimumVisualStudioVersion = 10.0.40219.1
Project("{9A19103F-16F7-4668-BE54-9A1E7A4F7556}") = "IMCTaxService", "IMCTaxService\IMCTaxService.csproj", "{19DE9DA9-CF01-4F4B-905A-D0D1E022BEE2}"
EndProject
Project("{9A19103F-16F7-4668-BE54-9A1E7A4F7556}") = "IMCTaxService.Proxy", "IMCTaxService.Proxy\IMCTaxService.Proxy.csproj", "{A21FFC12-C3B6-492C-B937-5E99789C78BE}"
EndProject
Project("{9A19103F-16F7-4668-BE54-9A1E7A4F7556}") = "IMCTaxService.Entities", "IMCTaxService.Entities\IMCTaxService.Entities.csproj", "{BB23B705-267D-48A6-A497-5F435C641BEB}"
EndProject
Project("{FAE04EC0-301F-11D3-BF4B-00C04F79EFBC}") = "IMCTaxService.Test", "IMCTaxService.Test\IMCTaxService.Test.csproj", "{6E4FD251-F411-4DCB-8A0F-70EA605B9C24}"
EndProject
Global
	GlobalSection(SolutionConfigurationPlatforms) = preSolution
		Debug|Any CPU = Debug|Any CPU
		Release|Any CPU = Release|Any CPU
	EndGlobalSection
	GlobalSection(ProjectConfigurationPlatforms) = postSolution
		{19DE9DA9-CF01-4F4B-905A-D0D1E022BEE2}.Debug|Any CPU.ActiveCfg = Debug|Any CPU
		{19DE9DA9-CF01-4F4B-905A-D0D1E022BEE2}.Debug|Any CPU.Build.0 = Debug|Any CPU
		{19DE9DA9-CF01-4F4B-905A-D0D1E022BEE2}.Release|Any CPU.ActiveCfg = Release|Any CPU
		{19DE9DA9-CF01-4F4B-905A-D0D1E022BEE2}.Release|Any CPU.Build.0 = Release|Any CPU
		{A21FFC12-C3B6-492C-B937-5E99789C78BE}.Debug|Any CPU.ActiveCfg = Debug|Any CPU
		{A21FFC12-C3B6-492C-B937-5E99789C78BE}.Debug|Any CPU.Build.0 = Debug|Any CPU
		{A21FFC12-C3B6-492C-B937-5E99789C78BE}.Release|Any CPU.ActiveCfg = Release|Any CPU
		{A21FFC12-C3B6-492C-B937-5E99789C78BE}.Release|Any CPU.Build.0 = Release|Any CPU
		{BB23B705-267D-48A6-A497-5F435C641BEB}.Debug|Any CPU.ActiveCfg = Debug|Any CPU
		{BB23B705-267D-48A6-A497-5F435C641BEB}.Debug|Any CPU.Build.0 = Debug|Any CPU
		{BB23B705-267D-48A6-A497-5F435C641BEB}.Release|Any CPU.ActiveCfg = Release|Any CPU
		{BB23B705-267D-48A6-A497-5F435C641BEB}.Release|Any CPU.Build.0 = Release|Any CPU
		{6E4FD251-F411-4DCB-8A0F-70EA605B9C24}.Debug|Any CPU.ActiveCfg = Debug|Any CPU
		{6E4FD251-F411-4DCB-8A0F-70EA605B9C24}.Debug|Any CPU.Build.0 = Debug|Any CPU
		{6E4FD251-F411-4DCB-8A0F-70EA605B9C24}.Release|Any CPU.ActiveCfg = Release|Any CPU
		{6E4FD251-F411-4DCB-8A0F-70EA605B9C24}.Release|Any CPU.Build.0 = Release|Any CPU
	EndGlobalSection
	GlobalSection(SolutionProperties) = preSolution
		HideSolutionNode = FALSE
	EndGlobalSection
	GlobalSection(ExtensibilityGlobals) = postSolution
		SolutionGuid = {FCD04B7C-F4EE-44D1-A986-EF1B1680CACB}
	EndGlobalSection
EndGlobal
